
Microsoft Visual Studio Solution File, Format Version 12.00
# Visual Studio Version 17
VisualStudioVersion = 17.9.34723.18
MinimumVisualStudioVersion = 10.0.40219.1
Project("{FAE04EC0-301F-11D3-BF4B-00C04F79EFBC}") = "KTMKomuter", "KTMKomuter\KTMKomuter.csproj", "{4A9B8792-A1A3-48D7-B5B3-5400B67E4440}"
EndProject
Global
	GlobalSection(SolutionConfigurationPlatforms) = preSolution
		Debug|Any CPU = Debug|Any CPU
		Release|Any CPU = Release|Any CPU
	EndGlobalSection
	GlobalSection(ProjectConfigurationPlatforms) = postSolution
		{4A9B8792-A1A3-48D7-B5B3-5400B67E4440}.Debug|Any CPU.ActiveCfg = Debug|Any CPU
		{4A9B8792-A1A3-48D7-B5B3-5400B67E4440}.Debug|Any CPU.Build.0 = Debug|Any CPU
		{4A9B8792-A1A3-48D7-B5B3-5400B67E4440}.Release|Any CPU.ActiveCfg = Release|Any CPU
		{4A9B8792-A1A3-48D7-B5B3-5400B67E4440}.Release|Any CPU.Build.0 = Release|Any CPU
	EndGlobalSection
	GlobalSection(SolutionProperties) = preSolution
		HideSolutionNode = FALSE
	EndGlobalSection
	GlobalSection(ExtensibilityGlobals) = postSolution
		SolutionGuid = {7057F003-2416-4528-9518-995EE5083015}
	EndGlobalSection
EndGlobal
